
Microsoft Visual Studio Solution File, Format Version 12.00
# Visual Studio Version 16
VisualStudioVersion = 16.0.30804.86
MinimumVisualStudioVersion = 10.0.40219.1
Project("{FAE04EC0-301F-11D3-BF4B-00C04F79EFBC}") = "HomeWork 1_Story Generator", "HomeWork 1_Story Generator.csproj", "{5653B1ED-9A2A-4ECA-9609-398E1E74C579}"
EndProject
Global
	GlobalSection(SolutionConfigurationPlatforms) = preSolution
		Debug|Any CPU = Debug|Any CPU
		Release|Any CPU = Release|Any CPU
	EndGlobalSection
	GlobalSection(ProjectConfigurationPlatforms) = postSolution
		{5653B1ED-9A2A-4ECA-9609-398E1E74C579}.Debug|Any CPU.ActiveCfg = Debug|Any CPU
		{5653B1ED-9A2A-4ECA-9609-398E1E74C579}.Debug|Any CPU.Build.0 = Debug|Any CPU
		{5653B1ED-9A2A-4ECA-9609-398E1E74C579}.Release|Any CPU.ActiveCfg = Release|Any CPU
		{5653B1ED-9A2A-4ECA-9609-398E1E74C579}.Release|Any CPU.Build.0 = Release|Any CPU
	EndGlobalSection
	GlobalSection(SolutionProperties) = preSolution
		HideSolutionNode = FALSE
	EndGlobalSection
	GlobalSection(ExtensibilityGlobals) = postSolution
		SolutionGuid = {884FE7C5-A5EA-43E9-AB5F-BC085A75B2E5}
	EndGlobalSection
EndGlobal
